
Microsoft Visual Studio Solution File, Format Version 12.00
# Visual Studio 15
VisualStudioVersion = 15.0.28307.539
MinimumVisualStudioVersion = 10.0.40219.1
Project("{8BC9CEB8-8B4A-11D0-8D11-00A0C91BC942}") = "19-8-25-2(作业-排序结构体)", "19-8-25-2(作业-排序结构体)\19-8-25-2(作业-排序结构体).vcxproj", "{5DAF3AA0-1AD1-405B-9ECE-A815A8605484}"
EndProject
Global
	GlobalSection(SolutionConfigurationPlatforms) = preSolution
		Debug|x64 = Debug|x64
		Debug|x86 = Debug|x86
		Release|x64 = Release|x64
		Release|x86 = Release|x86
	EndGlobalSection
	GlobalSection(ProjectConfigurationPlatforms) = postSolution
		{5DAF3AA0-1AD1-405B-9ECE-A815A8605484}.Debug|x64.ActiveCfg = Debug|x64
		{5DAF3AA0-1AD1-405B-9ECE-A815A8605484}.Debug|x64.Build.0 = Debug|x64
		{5DAF3AA0-1AD1-405B-9ECE-A815A8605484}.Debug|x86.ActiveCfg = Debug|Win32
		{5DAF3AA0-1AD1-405B-9ECE-A815A8605484}.Debug|x86.Build.0 = Debug|Win32
		{5DAF3AA0-1AD1-405B-9ECE-A815A8605484}.Release|x64.ActiveCfg = Release|x64
		{5DAF3AA0-1AD1-405B-9ECE-A815A8605484}.Release|x64.Build.0 = Release|x64
		{5DAF3AA0-1AD1-405B-9ECE-A815A8605484}.Release|x86.ActiveCfg = Release|Win32
		{5DAF3AA0-1AD1-405B-9ECE-A815A8605484}.Release|x86.Build.0 = Release|Win32
	EndGlobalSection
	GlobalSection(SolutionProperties) = preSolution
		HideSolutionNode = FALSE
	EndGlobalSection
	GlobalSection(ExtensibilityGlobals) = postSolution
		SolutionGuid = {B3AE3764-8871-459A-AB5A-AFA3616A65C9}
	EndGlobalSection
EndGlobal
