
Microsoft Visual Studio Solution File, Format Version 12.00
# Visual Studio 15
VisualStudioVersion = 15.0.28307.852
MinimumVisualStudioVersion = 10.0.40219.1
Project("{8BC9CEB8-8B4A-11D0-8D11-00A0C91BC942}") = "2019-10-15(STL适配器stack接口实现)", "2019-10-15(STL适配器stack接口实现)\2019-10-15(STL适配器stack接口实现).vcxproj", "{868BBBBE-9AFD-44CD-BC12-21D7A312FEB4}"
EndProject
Global
	GlobalSection(SolutionConfigurationPlatforms) = preSolution
		Debug|x64 = Debug|x64
		Debug|x86 = Debug|x86
		Release|x64 = Release|x64
		Release|x86 = Release|x86
	EndGlobalSection
	GlobalSection(ProjectConfigurationPlatforms) = postSolution
		{868BBBBE-9AFD-44CD-BC12-21D7A312FEB4}.Debug|x64.ActiveCfg = Debug|x64
		{868BBBBE-9AFD-44CD-BC12-21D7A312FEB4}.Debug|x64.Build.0 = Debug|x64
		{868BBBBE-9AFD-44CD-BC12-21D7A312FEB4}.Debug|x86.ActiveCfg = Debug|Win32
		{868BBBBE-9AFD-44CD-BC12-21D7A312FEB4}.Debug|x86.Build.0 = Debug|Win32
		{868BBBBE-9AFD-44CD-BC12-21D7A312FEB4}.Release|x64.ActiveCfg = Release|x64
		{868BBBBE-9AFD-44CD-BC12-21D7A312FEB4}.Release|x64.Build.0 = Release|x64
		{868BBBBE-9AFD-44CD-BC12-21D7A312FEB4}.Release|x86.ActiveCfg = Release|Win32
		{868BBBBE-9AFD-44CD-BC12-21D7A312FEB4}.Release|x86.Build.0 = Release|Win32
	EndGlobalSection
	GlobalSection(SolutionProperties) = preSolution
		HideSolutionNode = FALSE
	EndGlobalSection
	GlobalSection(ExtensibilityGlobals) = postSolution
		SolutionGuid = {49250796-BBB4-4DA7-9722-FE09251DC082}
	EndGlobalSection
EndGlobal
