
Microsoft Visual Studio Solution File, Format Version 12.00
# Visual Studio 15
VisualStudioVersion = 15.0.28307.852
MinimumVisualStudioVersion = 10.0.40219.1
Project("{8BC9CEB8-8B4A-11D0-8D11-00A0C91BC942}") = "2019-11-13(合法括号序列判断)", "2019-11-13(合法括号序列判断)\2019-11-13(合法括号序列判断).vcxproj", "{6A43C9CE-6719-471C-80D2-B29388B7D709}"
EndProject
Global
	GlobalSection(SolutionConfigurationPlatforms) = preSolution
		Debug|x64 = Debug|x64
		Debug|x86 = Debug|x86
		Release|x64 = Release|x64
		Release|x86 = Release|x86
	EndGlobalSection
	GlobalSection(ProjectConfigurationPlatforms) = postSolution
		{6A43C9CE-6719-471C-80D2-B29388B7D709}.Debug|x64.ActiveCfg = Debug|x64
		{6A43C9CE-6719-471C-80D2-B29388B7D709}.Debug|x64.Build.0 = Debug|x64
		{6A43C9CE-6719-471C-80D2-B29388B7D709}.Debug|x86.ActiveCfg = Debug|Win32
		{6A43C9CE-6719-471C-80D2-B29388B7D709}.Debug|x86.Build.0 = Debug|Win32
		{6A43C9CE-6719-471C-80D2-B29388B7D709}.Release|x64.ActiveCfg = Release|x64
		{6A43C9CE-6719-471C-80D2-B29388B7D709}.Release|x64.Build.0 = Release|x64
		{6A43C9CE-6719-471C-80D2-B29388B7D709}.Release|x86.ActiveCfg = Release|Win32
		{6A43C9CE-6719-471C-80D2-B29388B7D709}.Release|x86.Build.0 = Release|Win32
	EndGlobalSection
	GlobalSection(SolutionProperties) = preSolution
		HideSolutionNode = FALSE
	EndGlobalSection
	GlobalSection(ExtensibilityGlobals) = postSolution
		SolutionGuid = {F7FD48EE-19AD-4771-AC29-D470757B5EF5}
	EndGlobalSection
EndGlobal
