
Microsoft Visual Studio Solution File, Format Version 12.00
# Visual Studio 15
VisualStudioVersion = 15.0.28307.539
MinimumVisualStudioVersion = 10.0.40219.1
Project("{8BC9CEB8-8B4A-11D0-8D11-00A0C91BC942}") = "2019-9-25(C++杨辉三角)", "2019-9-25(C++杨辉三角)\2019-9-25(C++杨辉三角).vcxproj", "{DAED133D-B95B-43F7-A0DF-10CFE63F540E}"
EndProject
Global
	GlobalSection(SolutionConfigurationPlatforms) = preSolution
		Debug|x64 = Debug|x64
		Debug|x86 = Debug|x86
		Release|x64 = Release|x64
		Release|x86 = Release|x86
	EndGlobalSection
	GlobalSection(ProjectConfigurationPlatforms) = postSolution
		{DAED133D-B95B-43F7-A0DF-10CFE63F540E}.Debug|x64.ActiveCfg = Debug|x64
		{DAED133D-B95B-43F7-A0DF-10CFE63F540E}.Debug|x64.Build.0 = Debug|x64
		{DAED133D-B95B-43F7-A0DF-10CFE63F540E}.Debug|x86.ActiveCfg = Debug|Win32
		{DAED133D-B95B-43F7-A0DF-10CFE63F540E}.Debug|x86.Build.0 = Debug|Win32
		{DAED133D-B95B-43F7-A0DF-10CFE63F540E}.Release|x64.ActiveCfg = Release|x64
		{DAED133D-B95B-43F7-A0DF-10CFE63F540E}.Release|x64.Build.0 = Release|x64
		{DAED133D-B95B-43F7-A0DF-10CFE63F540E}.Release|x86.ActiveCfg = Release|Win32
		{DAED133D-B95B-43F7-A0DF-10CFE63F540E}.Release|x86.Build.0 = Release|Win32
	EndGlobalSection
	GlobalSection(SolutionProperties) = preSolution
		HideSolutionNode = FALSE
	EndGlobalSection
	GlobalSection(ExtensibilityGlobals) = postSolution
		SolutionGuid = {6EB1BFF7-7C40-4C28-A0E1-523C51F5539D}
	EndGlobalSection
EndGlobal
