
Microsoft Visual Studio Solution File, Format Version 12.00
# Visual Studio 15
VisualStudioVersion = 15.0.28307.539
MinimumVisualStudioVersion = 10.0.40219.1
Project("{8BC9CEB8-8B4A-11D0-8D11-00A0C91BC942}") = "19-5-16-4(二分法求f(x)=0的值)", "19-5-16-4(二分法求f(x)=0的值)\19-5-16-4(二分法求f(x)=0的值).vcxproj", "{4F38AC58-F0A2-4BA4-9854-842E79B62A69}"
EndProject
Global
	GlobalSection(SolutionConfigurationPlatforms) = preSolution
		Debug|x64 = Debug|x64
		Debug|x86 = Debug|x86
		Release|x64 = Release|x64
		Release|x86 = Release|x86
	EndGlobalSection
	GlobalSection(ProjectConfigurationPlatforms) = postSolution
		{4F38AC58-F0A2-4BA4-9854-842E79B62A69}.Debug|x64.ActiveCfg = Debug|x64
		{4F38AC58-F0A2-4BA4-9854-842E79B62A69}.Debug|x64.Build.0 = Debug|x64
		{4F38AC58-F0A2-4BA4-9854-842E79B62A69}.Debug|x86.ActiveCfg = Debug|Win32
		{4F38AC58-F0A2-4BA4-9854-842E79B62A69}.Debug|x86.Build.0 = Debug|Win32
		{4F38AC58-F0A2-4BA4-9854-842E79B62A69}.Release|x64.ActiveCfg = Release|x64
		{4F38AC58-F0A2-4BA4-9854-842E79B62A69}.Release|x64.Build.0 = Release|x64
		{4F38AC58-F0A2-4BA4-9854-842E79B62A69}.Release|x86.ActiveCfg = Release|Win32
		{4F38AC58-F0A2-4BA4-9854-842E79B62A69}.Release|x86.Build.0 = Release|Win32
	EndGlobalSection
	GlobalSection(SolutionProperties) = preSolution
		HideSolutionNode = FALSE
	EndGlobalSection
	GlobalSection(ExtensibilityGlobals) = postSolution
		SolutionGuid = {06BCDAC9-56BF-4829-94B4-9FF7BC3198E9}
	EndGlobalSection
EndGlobal
