
Microsoft Visual Studio Solution File, Format Version 12.00
# Visual Studio 15
VisualStudioVersion = 15.0.28307.539
MinimumVisualStudioVersion = 10.0.40219.1
Project("{8BC9CEB8-8B4A-11D0-8D11-00A0C91BC942}") = "2019-10-8(用队列实现栈)", "2019-10-8(用队列实现栈)\2019-10-8(用队列实现栈).vcxproj", "{DB27EEB2-3484-4D8F-95D3-F0AE5CFF73CE}"
EndProject
Global
	GlobalSection(SolutionConfigurationPlatforms) = preSolution
		Debug|x64 = Debug|x64
		Debug|x86 = Debug|x86
		Release|x64 = Release|x64
		Release|x86 = Release|x86
	EndGlobalSection
	GlobalSection(ProjectConfigurationPlatforms) = postSolution
		{DB27EEB2-3484-4D8F-95D3-F0AE5CFF73CE}.Debug|x64.ActiveCfg = Debug|x64
		{DB27EEB2-3484-4D8F-95D3-F0AE5CFF73CE}.Debug|x64.Build.0 = Debug|x64
		{DB27EEB2-3484-4D8F-95D3-F0AE5CFF73CE}.Debug|x86.ActiveCfg = Debug|Win32
		{DB27EEB2-3484-4D8F-95D3-F0AE5CFF73CE}.Debug|x86.Build.0 = Debug|Win32
		{DB27EEB2-3484-4D8F-95D3-F0AE5CFF73CE}.Release|x64.ActiveCfg = Release|x64
		{DB27EEB2-3484-4D8F-95D3-F0AE5CFF73CE}.Release|x64.Build.0 = Release|x64
		{DB27EEB2-3484-4D8F-95D3-F0AE5CFF73CE}.Release|x86.ActiveCfg = Release|Win32
		{DB27EEB2-3484-4D8F-95D3-F0AE5CFF73CE}.Release|x86.Build.0 = Release|Win32
	EndGlobalSection
	GlobalSection(SolutionProperties) = preSolution
		HideSolutionNode = FALSE
	EndGlobalSection
	GlobalSection(ExtensibilityGlobals) = postSolution
		SolutionGuid = {D8EDC539-3B2A-4CCC-9839-202EF86080C7}
	EndGlobalSection
EndGlobal
