
Microsoft Visual Studio Solution File, Format Version 12.00
# Visual Studio 15
VisualStudioVersion = 15.0.28307.539
MinimumVisualStudioVersion = 10.0.40219.1
Project("{8BC9CEB8-8B4A-11D0-8D11-00A0C91BC942}") = "2019-10-9(判断出栈序列)", "2019-10-9(判断出栈序列)\2019-10-9(判断出栈序列).vcxproj", "{C649AD3A-6C25-42B7-BE8C-3FD31B19798A}"
EndProject
Global
	GlobalSection(SolutionConfigurationPlatforms) = preSolution
		Debug|x64 = Debug|x64
		Debug|x86 = Debug|x86
		Release|x64 = Release|x64
		Release|x86 = Release|x86
	EndGlobalSection
	GlobalSection(ProjectConfigurationPlatforms) = postSolution
		{C649AD3A-6C25-42B7-BE8C-3FD31B19798A}.Debug|x64.ActiveCfg = Debug|x64
		{C649AD3A-6C25-42B7-BE8C-3FD31B19798A}.Debug|x64.Build.0 = Debug|x64
		{C649AD3A-6C25-42B7-BE8C-3FD31B19798A}.Debug|x86.ActiveCfg = Debug|Win32
		{C649AD3A-6C25-42B7-BE8C-3FD31B19798A}.Debug|x86.Build.0 = Debug|Win32
		{C649AD3A-6C25-42B7-BE8C-3FD31B19798A}.Release|x64.ActiveCfg = Release|x64
		{C649AD3A-6C25-42B7-BE8C-3FD31B19798A}.Release|x64.Build.0 = Release|x64
		{C649AD3A-6C25-42B7-BE8C-3FD31B19798A}.Release|x86.ActiveCfg = Release|Win32
		{C649AD3A-6C25-42B7-BE8C-3FD31B19798A}.Release|x86.Build.0 = Release|Win32
	EndGlobalSection
	GlobalSection(SolutionProperties) = preSolution
		HideSolutionNode = FALSE
	EndGlobalSection
	GlobalSection(ExtensibilityGlobals) = postSolution
		SolutionGuid = {E3BCA26F-487F-4422-9A72-D116CDAB0756}
	EndGlobalSection
EndGlobal
