
Microsoft Visual Studio Solution File, Format Version 12.00
# Visual Studio 15
VisualStudioVersion = 15.0.28307.852
MinimumVisualStudioVersion = 10.0.40219.1
Project("{8BC9CEB8-8B4A-11D0-8D11-00A0C91BC942}") = "2019-10-23(二叉树的后序遍历)", "2019-10-23(二叉树的后序遍历)\2019-10-23(二叉树的后序遍历).vcxproj", "{14EEBE04-5846-411E-9518-362B38FA5547}"
EndProject
Global
	GlobalSection(SolutionConfigurationPlatforms) = preSolution
		Debug|x64 = Debug|x64
		Debug|x86 = Debug|x86
		Release|x64 = Release|x64
		Release|x86 = Release|x86
	EndGlobalSection
	GlobalSection(ProjectConfigurationPlatforms) = postSolution
		{14EEBE04-5846-411E-9518-362B38FA5547}.Debug|x64.ActiveCfg = Debug|x64
		{14EEBE04-5846-411E-9518-362B38FA5547}.Debug|x64.Build.0 = Debug|x64
		{14EEBE04-5846-411E-9518-362B38FA5547}.Debug|x86.ActiveCfg = Debug|Win32
		{14EEBE04-5846-411E-9518-362B38FA5547}.Debug|x86.Build.0 = Debug|Win32
		{14EEBE04-5846-411E-9518-362B38FA5547}.Release|x64.ActiveCfg = Release|x64
		{14EEBE04-5846-411E-9518-362B38FA5547}.Release|x64.Build.0 = Release|x64
		{14EEBE04-5846-411E-9518-362B38FA5547}.Release|x86.ActiveCfg = Release|Win32
		{14EEBE04-5846-411E-9518-362B38FA5547}.Release|x86.Build.0 = Release|Win32
	EndGlobalSection
	GlobalSection(SolutionProperties) = preSolution
		HideSolutionNode = FALSE
	EndGlobalSection
	GlobalSection(ExtensibilityGlobals) = postSolution
		SolutionGuid = {C8AEAD01-C339-4DA4-8F3F-A910B2B9E262}
	EndGlobalSection
EndGlobal
