
Microsoft Visual Studio Solution File, Format Version 12.00
# Visual Studio 15
VisualStudioVersion = 15.0.28307.539
MinimumVisualStudioVersion = 10.0.40219.1
Project("{8BC9CEB8-8B4A-11D0-8D11-00A0C91BC942}") = "2019-10-9(波兰表达式求值)", "2019-10-9(波兰表达式求值)\2019-10-9(波兰表达式求值).vcxproj", "{551AA1F0-387A-407F-8878-7B4F20927256}"
EndProject
Global
	GlobalSection(SolutionConfigurationPlatforms) = preSolution
		Debug|x64 = Debug|x64
		Debug|x86 = Debug|x86
		Release|x64 = Release|x64
		Release|x86 = Release|x86
	EndGlobalSection
	GlobalSection(ProjectConfigurationPlatforms) = postSolution
		{551AA1F0-387A-407F-8878-7B4F20927256}.Debug|x64.ActiveCfg = Debug|x64
		{551AA1F0-387A-407F-8878-7B4F20927256}.Debug|x64.Build.0 = Debug|x64
		{551AA1F0-387A-407F-8878-7B4F20927256}.Debug|x86.ActiveCfg = Debug|Win32
		{551AA1F0-387A-407F-8878-7B4F20927256}.Debug|x86.Build.0 = Debug|Win32
		{551AA1F0-387A-407F-8878-7B4F20927256}.Release|x64.ActiveCfg = Release|x64
		{551AA1F0-387A-407F-8878-7B4F20927256}.Release|x64.Build.0 = Release|x64
		{551AA1F0-387A-407F-8878-7B4F20927256}.Release|x86.ActiveCfg = Release|Win32
		{551AA1F0-387A-407F-8878-7B4F20927256}.Release|x86.Build.0 = Release|Win32
	EndGlobalSection
	GlobalSection(SolutionProperties) = preSolution
		HideSolutionNode = FALSE
	EndGlobalSection
	GlobalSection(ExtensibilityGlobals) = postSolution
		SolutionGuid = {AC045CF6-3A9A-4756-9823-F4AB89C19B60}
	EndGlobalSection
EndGlobal
