
Microsoft Visual Studio Solution File, Format Version 12.00
# Visual Studio 15
VisualStudioVersion = 15.0.28307.539
MinimumVisualStudioVersion = 10.0.40219.1
Project("{8BC9CEB8-8B4A-11D0-8D11-00A0C91BC942}") = "2019-8-26(作业2将一个字符串转换为数字，返回值用来校验转换是否成功)", "2019-8-26(作业2将一个字符串转换为数字，返回值用来校验转换是否成功)\2019-8-26(作业2将一个字符串转换为数字，返回值用来校验转换是否成功).vcxproj", "{ABB8FF86-7B46-4B42-98C1-B847D6B44EF7}"
EndProject
Global
	GlobalSection(SolutionConfigurationPlatforms) = preSolution
		Debug|x64 = Debug|x64
		Debug|x86 = Debug|x86
		Release|x64 = Release|x64
		Release|x86 = Release|x86
	EndGlobalSection
	GlobalSection(ProjectConfigurationPlatforms) = postSolution
		{ABB8FF86-7B46-4B42-98C1-B847D6B44EF7}.Debug|x64.ActiveCfg = Debug|x64
		{ABB8FF86-7B46-4B42-98C1-B847D6B44EF7}.Debug|x64.Build.0 = Debug|x64
		{ABB8FF86-7B46-4B42-98C1-B847D6B44EF7}.Debug|x86.ActiveCfg = Debug|Win32
		{ABB8FF86-7B46-4B42-98C1-B847D6B44EF7}.Debug|x86.Build.0 = Debug|Win32
		{ABB8FF86-7B46-4B42-98C1-B847D6B44EF7}.Release|x64.ActiveCfg = Release|x64
		{ABB8FF86-7B46-4B42-98C1-B847D6B44EF7}.Release|x64.Build.0 = Release|x64
		{ABB8FF86-7B46-4B42-98C1-B847D6B44EF7}.Release|x86.ActiveCfg = Release|Win32
		{ABB8FF86-7B46-4B42-98C1-B847D6B44EF7}.Release|x86.Build.0 = Release|Win32
	EndGlobalSection
	GlobalSection(SolutionProperties) = preSolution
		HideSolutionNode = FALSE
	EndGlobalSection
	GlobalSection(ExtensibilityGlobals) = postSolution
		SolutionGuid = {1DFD7877-C555-484B-9271-489F7EB89C4A}
	EndGlobalSection
EndGlobal
