
Microsoft Visual Studio Solution File, Format Version 12.00
# Visual Studio 15
VisualStudioVersion = 15.0.28307.539
MinimumVisualStudioVersion = 10.0.40219.1
Project("{8BC9CEB8-8B4A-11D0-8D11-00A0C91BC942}") = "19-5-16-1(C++用动态分配空间的方法计算Fibonacci数列的前20项,并存储到动态分配的空间中)", "19-5-16-1(C++用动态分配空间的方法计算Fibonacci数列的前20项,并存储到动态分配的空间中)\19-5-16-1(C++用动态分配空间的方法计算Fibonacci数列的前20项,并存储到动态分配的空间中).vcxproj", "{5E40AC56-A472-4FA6-BFE3-6BAE17FE18F3}"
EndProject
Global
	GlobalSection(SolutionConfigurationPlatforms) = preSolution
		Debug|x64 = Debug|x64
		Debug|x86 = Debug|x86
		Release|x64 = Release|x64
		Release|x86 = Release|x86
	EndGlobalSection
	GlobalSection(ProjectConfigurationPlatforms) = postSolution
		{5E40AC56-A472-4FA6-BFE3-6BAE17FE18F3}.Debug|x64.ActiveCfg = Debug|x64
		{5E40AC56-A472-4FA6-BFE3-6BAE17FE18F3}.Debug|x64.Build.0 = Debug|x64
		{5E40AC56-A472-4FA6-BFE3-6BAE17FE18F3}.Debug|x86.ActiveCfg = Debug|Win32
		{5E40AC56-A472-4FA6-BFE3-6BAE17FE18F3}.Debug|x86.Build.0 = Debug|Win32
		{5E40AC56-A472-4FA6-BFE3-6BAE17FE18F3}.Release|x64.ActiveCfg = Release|x64
		{5E40AC56-A472-4FA6-BFE3-6BAE17FE18F3}.Release|x64.Build.0 = Release|x64
		{5E40AC56-A472-4FA6-BFE3-6BAE17FE18F3}.Release|x86.ActiveCfg = Release|Win32
		{5E40AC56-A472-4FA6-BFE3-6BAE17FE18F3}.Release|x86.Build.0 = Release|Win32
	EndGlobalSection
	GlobalSection(SolutionProperties) = preSolution
		HideSolutionNode = FALSE
	EndGlobalSection
	GlobalSection(ExtensibilityGlobals) = postSolution
		SolutionGuid = {591CAF5A-DF66-4F32-8F35-37D44B9731BE}
	EndGlobalSection
EndGlobal
