
Microsoft Visual Studio Solution File, Format Version 12.00
# Visual Studio 15
VisualStudioVersion = 15.0.28307.539
MinimumVisualStudioVersion = 10.0.40219.1
Project("{8BC9CEB8-8B4A-11D0-8D11-00A0C91BC942}") = "2019-9-2(麻将)", "2019-9-2(麻将)\2019-9-2(麻将).vcxproj", "{B99478D4-E402-4697-84CF-51F7E88BDCD2}"
EndProject
Global
	GlobalSection(SolutionConfigurationPlatforms) = preSolution
		Debug|x64 = Debug|x64
		Debug|x86 = Debug|x86
		Release|x64 = Release|x64
		Release|x86 = Release|x86
	EndGlobalSection
	GlobalSection(ProjectConfigurationPlatforms) = postSolution
		{B99478D4-E402-4697-84CF-51F7E88BDCD2}.Debug|x64.ActiveCfg = Debug|x64
		{B99478D4-E402-4697-84CF-51F7E88BDCD2}.Debug|x64.Build.0 = Debug|x64
		{B99478D4-E402-4697-84CF-51F7E88BDCD2}.Debug|x86.ActiveCfg = Debug|Win32
		{B99478D4-E402-4697-84CF-51F7E88BDCD2}.Debug|x86.Build.0 = Debug|Win32
		{B99478D4-E402-4697-84CF-51F7E88BDCD2}.Release|x64.ActiveCfg = Release|x64
		{B99478D4-E402-4697-84CF-51F7E88BDCD2}.Release|x64.Build.0 = Release|x64
		{B99478D4-E402-4697-84CF-51F7E88BDCD2}.Release|x86.ActiveCfg = Release|Win32
		{B99478D4-E402-4697-84CF-51F7E88BDCD2}.Release|x86.Build.0 = Release|Win32
	EndGlobalSection
	GlobalSection(SolutionProperties) = preSolution
		HideSolutionNode = FALSE
	EndGlobalSection
	GlobalSection(ExtensibilityGlobals) = postSolution
		SolutionGuid = {A8BB3E17-741E-4BF5-92FD-541222774013}
	EndGlobalSection
EndGlobal
