
Microsoft Visual Studio Solution File, Format Version 12.00
# Visual Studio 15
VisualStudioVersion = 15.0.28307.852
MinimumVisualStudioVersion = 10.0.40219.1
Project("{8BC9CEB8-8B4A-11D0-8D11-00A0C91BC942}") = "2019-10-17(字符串转化成整数)", "2019-10-17(字符串转化成整数)\2019-10-17(字符串转化成整数).vcxproj", "{4778587C-CDFC-455E-A2AB-1ACBC7F91055}"
EndProject
Global
	GlobalSection(SolutionConfigurationPlatforms) = preSolution
		Debug|x64 = Debug|x64
		Debug|x86 = Debug|x86
		Release|x64 = Release|x64
		Release|x86 = Release|x86
	EndGlobalSection
	GlobalSection(ProjectConfigurationPlatforms) = postSolution
		{4778587C-CDFC-455E-A2AB-1ACBC7F91055}.Debug|x64.ActiveCfg = Debug|x64
		{4778587C-CDFC-455E-A2AB-1ACBC7F91055}.Debug|x64.Build.0 = Debug|x64
		{4778587C-CDFC-455E-A2AB-1ACBC7F91055}.Debug|x86.ActiveCfg = Debug|Win32
		{4778587C-CDFC-455E-A2AB-1ACBC7F91055}.Debug|x86.Build.0 = Debug|Win32
		{4778587C-CDFC-455E-A2AB-1ACBC7F91055}.Release|x64.ActiveCfg = Release|x64
		{4778587C-CDFC-455E-A2AB-1ACBC7F91055}.Release|x64.Build.0 = Release|x64
		{4778587C-CDFC-455E-A2AB-1ACBC7F91055}.Release|x86.ActiveCfg = Release|Win32
		{4778587C-CDFC-455E-A2AB-1ACBC7F91055}.Release|x86.Build.0 = Release|Win32
	EndGlobalSection
	GlobalSection(SolutionProperties) = preSolution
		HideSolutionNode = FALSE
	EndGlobalSection
	GlobalSection(ExtensibilityGlobals) = postSolution
		SolutionGuid = {4E02DE2B-04CF-438A-A91F-6BAC5E050FE0}
	EndGlobalSection
EndGlobal
