
Microsoft Visual Studio Solution File, Format Version 12.00
# Visual Studio 15
VisualStudioVersion = 15.0.28307.852
MinimumVisualStudioVersion = 10.0.40219.1
Project("{8BC9CEB8-8B4A-11D0-8D11-00A0C91BC942}") = "2019-10-29(C++new或delete与operator new或delete)", "2019-10-29(C++new或delete与operator new或delete)\2019-10-29(C++new或delete与operator new或delete).vcxproj", "{56F1EF5D-BEB2-40D4-8B9C-92DE49681176}"
EndProject
Global
	GlobalSection(SolutionConfigurationPlatforms) = preSolution
		Debug|x64 = Debug|x64
		Debug|x86 = Debug|x86
		Release|x64 = Release|x64
		Release|x86 = Release|x86
	EndGlobalSection
	GlobalSection(ProjectConfigurationPlatforms) = postSolution
		{56F1EF5D-BEB2-40D4-8B9C-92DE49681176}.Debug|x64.ActiveCfg = Debug|x64
		{56F1EF5D-BEB2-40D4-8B9C-92DE49681176}.Debug|x64.Build.0 = Debug|x64
		{56F1EF5D-BEB2-40D4-8B9C-92DE49681176}.Debug|x86.ActiveCfg = Debug|Win32
		{56F1EF5D-BEB2-40D4-8B9C-92DE49681176}.Debug|x86.Build.0 = Debug|Win32
		{56F1EF5D-BEB2-40D4-8B9C-92DE49681176}.Release|x64.ActiveCfg = Release|x64
		{56F1EF5D-BEB2-40D4-8B9C-92DE49681176}.Release|x64.Build.0 = Release|x64
		{56F1EF5D-BEB2-40D4-8B9C-92DE49681176}.Release|x86.ActiveCfg = Release|Win32
		{56F1EF5D-BEB2-40D4-8B9C-92DE49681176}.Release|x86.Build.0 = Release|Win32
	EndGlobalSection
	GlobalSection(SolutionProperties) = preSolution
		HideSolutionNode = FALSE
	EndGlobalSection
	GlobalSection(ExtensibilityGlobals) = postSolution
		SolutionGuid = {D499C5FD-89C9-40BC-8559-43D047629AB1}
	EndGlobalSection
EndGlobal
