
Microsoft Visual Studio Solution File, Format Version 12.00
# Visual Studio 15
VisualStudioVersion = 15.0.28307.852
MinimumVisualStudioVersion = 10.0.40219.1
Project("{8BC9CEB8-8B4A-11D0-8D11-00A0C91BC942}") = "2019-10-22(继承test)", "2019-10-22(继承test)\2019-10-22(继承test).vcxproj", "{9A109F4C-0985-4423-9E90-DF03B16AFBB3}"
EndProject
Global
	GlobalSection(SolutionConfigurationPlatforms) = preSolution
		Debug|x64 = Debug|x64
		Debug|x86 = Debug|x86
		Release|x64 = Release|x64
		Release|x86 = Release|x86
	EndGlobalSection
	GlobalSection(ProjectConfigurationPlatforms) = postSolution
		{9A109F4C-0985-4423-9E90-DF03B16AFBB3}.Debug|x64.ActiveCfg = Debug|x64
		{9A109F4C-0985-4423-9E90-DF03B16AFBB3}.Debug|x64.Build.0 = Debug|x64
		{9A109F4C-0985-4423-9E90-DF03B16AFBB3}.Debug|x86.ActiveCfg = Debug|Win32
		{9A109F4C-0985-4423-9E90-DF03B16AFBB3}.Debug|x86.Build.0 = Debug|Win32
		{9A109F4C-0985-4423-9E90-DF03B16AFBB3}.Release|x64.ActiveCfg = Release|x64
		{9A109F4C-0985-4423-9E90-DF03B16AFBB3}.Release|x64.Build.0 = Release|x64
		{9A109F4C-0985-4423-9E90-DF03B16AFBB3}.Release|x86.ActiveCfg = Release|Win32
		{9A109F4C-0985-4423-9E90-DF03B16AFBB3}.Release|x86.Build.0 = Release|Win32
	EndGlobalSection
	GlobalSection(SolutionProperties) = preSolution
		HideSolutionNode = FALSE
	EndGlobalSection
	GlobalSection(ExtensibilityGlobals) = postSolution
		SolutionGuid = {A790D810-5B9E-475D-A07A-7D55C72D8CFC}
	EndGlobalSection
EndGlobal
