
Microsoft Visual Studio Solution File, Format Version 12.00
# Visual Studio 15
VisualStudioVersion = 15.0.28307.539
MinimumVisualStudioVersion = 10.0.40219.1
Project("{8BC9CEB8-8B4A-11D0-8D11-00A0C91BC942}") = "2019-9-20(vector常用接口实现)", "2019-9-20(vector常用接口实现)\2019-9-20(vector常用接口实现).vcxproj", "{583559C0-5CE7-46BB-8DE7-DFAC8BFB207F}"
EndProject
Global
	GlobalSection(SolutionConfigurationPlatforms) = preSolution
		Debug|x64 = Debug|x64
		Debug|x86 = Debug|x86
		Release|x64 = Release|x64
		Release|x86 = Release|x86
	EndGlobalSection
	GlobalSection(ProjectConfigurationPlatforms) = postSolution
		{583559C0-5CE7-46BB-8DE7-DFAC8BFB207F}.Debug|x64.ActiveCfg = Debug|x64
		{583559C0-5CE7-46BB-8DE7-DFAC8BFB207F}.Debug|x64.Build.0 = Debug|x64
		{583559C0-5CE7-46BB-8DE7-DFAC8BFB207F}.Debug|x86.ActiveCfg = Debug|Win32
		{583559C0-5CE7-46BB-8DE7-DFAC8BFB207F}.Debug|x86.Build.0 = Debug|Win32
		{583559C0-5CE7-46BB-8DE7-DFAC8BFB207F}.Release|x64.ActiveCfg = Release|x64
		{583559C0-5CE7-46BB-8DE7-DFAC8BFB207F}.Release|x64.Build.0 = Release|x64
		{583559C0-5CE7-46BB-8DE7-DFAC8BFB207F}.Release|x86.ActiveCfg = Release|Win32
		{583559C0-5CE7-46BB-8DE7-DFAC8BFB207F}.Release|x86.Build.0 = Release|Win32
	EndGlobalSection
	GlobalSection(SolutionProperties) = preSolution
		HideSolutionNode = FALSE
	EndGlobalSection
	GlobalSection(ExtensibilityGlobals) = postSolution
		SolutionGuid = {628BB1CF-DBC7-460B-9AAA-7CC5C9C47F69}
	EndGlobalSection
EndGlobal
